
Microsoft Visual Studio Solution File, Format Version 12.00
# Visual Studio for Mac
Project("{FAE04EC0-301F-11D3-BF4B-00C04F79EFBC}") = "Assembly-CSharp", "Assembly-CSharp.csproj", "{35375BB0-1B97-AE98-CADB-B9A1C0D344AB}"
EndProject
Project("{FAE04EC0-301F-11D3-BF4B-00C04F79EFBC}") = "Assembly-CSharp-firstpass", "Assembly-CSharp-firstpass.csproj", "{47DD69F5-49B1-DA9F-630A-48DACCBA5EE2}"
EndProject
Project("{FAE04EC0-301F-11D3-BF4B-00C04F79EFBC}") = "Assembly-CSharp-Editor", "Assembly-CSharp-Editor.csproj", "{7841A967-76B9-5C1E-AF33-F661A7ADBB97}"
EndProject
Global
	GlobalSection(SolutionConfigurationPlatforms) = preSolution
		Debug|Any CPU = Debug|Any CPU
		Release|Any CPU = Release|Any CPU
	EndGlobalSection
	GlobalSection(ProjectConfigurationPlatforms) = postSolution
		{35375BB0-1B97-AE98-CADB-B9A1C0D344AB}.Debug|Any CPU.ActiveCfg = Debug|Any CPU
		{35375BB0-1B97-AE98-CADB-B9A1C0D344AB}.Debug|Any CPU.Build.0 = Debug|Any CPU
		{35375BB0-1B97-AE98-CADB-B9A1C0D344AB}.Release|Any CPU.ActiveCfg = Release|Any CPU
		{35375BB0-1B97-AE98-CADB-B9A1C0D344AB}.Release|Any CPU.Build.0 = Release|Any CPU
		{47DD69F5-49B1-DA9F-630A-48DACCBA5EE2}.Debug|Any CPU.ActiveCfg = Debug|Any CPU
		{47DD69F5-49B1-DA9F-630A-48DACCBA5EE2}.Debug|Any CPU.Build.0 = Debug|Any CPU
		{47DD69F5-49B1-DA9F-630A-48DACCBA5EE2}.Release|Any CPU.ActiveCfg = Release|Any CPU
		{47DD69F5-49B1-DA9F-630A-48DACCBA5EE2}.Release|Any CPU.Build.0 = Release|Any CPU
		{7841A967-76B9-5C1E-AF33-F661A7ADBB97}.Debug|Any CPU.ActiveCfg = Debug|Any CPU
		{7841A967-76B9-5C1E-AF33-F661A7ADBB97}.Debug|Any CPU.Build.0 = Debug|Any CPU
		{7841A967-76B9-5C1E-AF33-F661A7ADBB97}.Release|Any CPU.ActiveCfg = Release|Any CPU
		{7841A967-76B9-5C1E-AF33-F661A7ADBB97}.Release|Any CPU.Build.0 = Release|Any CPU
	EndGlobalSection
	GlobalSection(SolutionProperties) = preSolution
		HideSolutionNode = FALSE
	EndGlobalSection
EndGlobal
